// !$*UTF8*$!
{
	archiveVersion = 1;
	classes = {
	};
	objectVersion = 46;
	objects = {

/* Begin PBXBuildFile section */
		803FAB931CB7F80000E069CF /* main.m in Sources */ = {isa = PBXBuildFile; fileRef = 803FAB921CB7F80000E069CF /* main.m */; };
		803FAB9B1CB7F83100E069CF /* Fraction.m in Sources */ = {isa = PBXBuildFile; fileRef = 803FAB9A1CB7F83100E069CF /* Fraction.m */; };
		803FAB9E1CB7F84100E069CF /* NewFraction.m in Sources */ = {isa = PBXBuildFile; fileRef = 803FAB9D1CB7F84100E069CF /* NewFraction.m */; };
		803FABA11CBB9CF700E069CF /* SubFraction.m in Sources */ = {isa = PBXBuildFile; fileRef = 803FABA01CBB9CF700E069CF /* SubFraction.m */; };
/* End PBXBuildFile section */

/* Begin PBXCopyFilesBuildPhase section */
		803FAB8D1CB7F80000E069CF /* CopyFiles */ = {
			isa = PBXCopyFilesBuildPhase;
			buildActionMask = 2147483647;
			dstPath = /usr/share/man/man1/;
			dstSubfolderSpec = 0;
			files = (
			);
			runOnlyForDeploymentPostprocessing = 1;
		};
/* End PBXCopyFilesBuildPhase section */

/* Begin PBXFileReference section */
		803FAB8F1CB7F80000E069CF /* moreOnClasses */ = {isa = PBXFileReference; explicitFileType = "compiled.mach-o.executable"; includeInIndex = 0; path = moreOnClasses; sourceTree = BUILT_PRODUCTS_DIR; };
		803FAB921CB7F80000E069CF /* main.m */ = {isa = PBXFileReference; lastKnownFileType = sourcecode.c.objc; path = main.m; sourceTree = "<group>"; };
		803FAB991CB7F83100E069CF /* Fraction.h */ = {isa = PBXFileReference; fileEncoding = 4; lastKnownFileType = sourcecode.c.h; path = Fraction.h; sourceTree = "<group>"; };
		803FAB9A1CB7F83100E069CF /* Fraction.m */ = {isa = PBXFileReference; fileEncoding = 4; lastKnownFileType = sourcecode.c.objc; path = Fraction.m; sourceTree = "<group>"; };
		803FAB9C1CB7F84100E069CF /* NewFraction.h */ = {isa = PBXFileReference; fileEncoding = 4; lastKnownFileType = sourcecode.c.h; path = NewFraction.h; sourceTree = "<group>"; };
		803FAB9D1CB7F84100E069CF /* NewFraction.m */ = {isa = PBXFileReference; fileEncoding = 4; lastKnownFileType = sourcecode.c.objc; path = NewFraction.m; sourceTree = "<group>"; };
		803FAB9F1CBB9CF700E069CF /* SubFraction.h */ = {isa = PBXFileReference; fileEncoding = 4; lastKnownFileType = sourcecode.c.h; path = SubFraction.h; sourceTree = "<group>"; };
		803FABA01CBB9CF700E069CF /* SubFraction.m */ = {isa = PBXFileReference; fileEncoding = 4; lastKnownFileType = sourcecode.c.objc; path = SubFraction.m; sourceTree = "<group>"; };
/* End PBXFileReference section */

/* Begin PBXFrameworksBuildPhase section */
		803FAB8C1CB7F80000E069CF /* Frameworks */ = {
			isa = PBXFrameworksBuildPhase;
			buildActionMask = 2147483647;
			files = (
			);
			runOnlyForDeploymentPostprocessing = 0;
		};
/* End PBXFrameworksBuildPhase section */

/* Begin PBXGroup section */
		803FAB861CB7F80000E069CF = {
			isa = PBXGroup;
			children = (
				803FAB911CB7F80000E069CF /* moreOnClasses */,
				803FAB901CB7F80000E069CF /* Products */,
			);
			sourceTree = "<group>";
		};
		803FAB901CB7F80000E069CF /* Products */ = {
			isa = PBXGroup;
			children = (
				803FAB8F1CB7F80000E069CF /* moreOnClasses */,
			);
			name = Products;
			sourceTree = "<group>";
		};
		803FAB911CB7F80000E069CF /* moreOnClasses */ = {
			isa = PBXGroup;
			children = (
				803FAB921CB7F80000E069CF /* main.m */,
				803FAB991CB7F83100E069CF /* Fraction.h */,
				803FAB9A1CB7F83100E069CF /* Fraction.m */,
				803FAB9C1CB7F84100E069CF /* NewFraction.h */,
				803FAB9D1CB7F84100E069CF /* NewFraction.m */,
				803FAB9F1CBB9CF700E069CF /* SubFraction.h */,
				803FABA01CBB9CF700E069CF /* SubFraction.m */,
			);
			path = moreOnClasses;
			sourceTree = "<group>";
		};
/* End PBXGroup section */

/* Begin PBXNativeTarget section */
		803FAB8E1CB7F80000E069CF /* moreOnClasses */ = {
			isa = PBXNativeTarget;
			buildConfigurationList = 803FAB961CB7F80000E069CF /* Build configuration list for PBXNativeTarget "moreOnClasses" */;
			buildPhases = (
				803FAB8B1CB7F80000E069CF /* Sources */,
				803FAB8C1CB7F80000E069CF /* Frameworks */,
				803FAB8D1CB7F80000E069CF /* CopyFiles */,
			);
			buildRules = (
			);
			dependencies = (
			);
			name = moreOnClasses;
			productName = moreOnClasses;
			productReference = 803FAB8F1CB7F80000E069CF /* moreOnClasses */;
			productType = "com.apple.product-type.tool";
		};
/* End PBXNativeTarget section */

/* Begin PBXProject section */
		803FAB871CB7F80000E069CF /* Project object */ = {
			isa = PBXProject;
			attributes = {
				LastUpgradeCheck = 0730;
				ORGANIZATIONNAME = Melentyev;
				TargetAttributes = {
					803FAB8E1CB7F80000E069CF = {
						CreatedOnToolsVersion = 7.3;
					};
				};
			};
			buildConfigurationList = 803FAB8A1CB7F80000E069CF /* Build configuration list for PBXProject "moreOnClasses" */;
			compatibilityVersion = "Xcode 3.2";
			developmentRegion = English;
			hasScannedForEncodings = 0;
			knownRegions = (
				en,
			);
			mainGroup = 803FAB861CB7F80000E069CF;
			productRefGroup = 803FAB901CB7F80000E069CF /* Products */;
			projectDirPath = "";
			projectRoot = "";
			targets = (
				803FAB8E1CB7F80000E069CF /* moreOnClasses */,
			);
		};
/* End PBXProject section */

/* Begin PBXSourcesBuildPhase section */
		803FAB8B1CB7F80000E069CF /* Sources */ = {
			isa = PBXSourcesBuildPhase;
			buildActionMask = 2147483647;
			files = (
				803FABA11CBB9CF700E069CF /* SubFraction.m in Sources */,
				803FAB931CB7F80000E069CF /* main.m in Sources */,
				803FAB9E1CB7F84100E069CF /* NewFraction.m in Sources */,
				803FAB9B1CB7F83100E069CF /* Fraction.m in Sources */,
			);
			runOnlyForDeploymentPostprocessing = 0;
		};
/* End PBXSourcesBuildPhase section */

/* Begin XCBuildConfiguration section */
		803FAB941CB7F80000E069CF /* Debug */ = {
			isa = XCBuildConfiguration;
			buildSettings = {
				ALWAYS_SEARCH_USER_PATHS = NO;
				CLANG_ANALYZER_NONNULL = YES;
				CLANG_CXX_LANGUAGE_STANDARD = "gnu++0x";
				CLANG_CXX_LIBRARY = "libc++";
				CLANG_ENABLE_MODULES = YES;
				CLANG_ENABLE_OBJC_ARC = YES;
				CLANG_WARN_BOOL_CONVERSION = YES;
				CLANG_WARN_CONSTANT_CONVERSION = YES;
				CLANG_WARN_DIRECT_OBJC_ISA_USAGE = YES_ERROR;
				CLANG_WARN_EMPTY_BODY = YES;
				CLANG_WARN_ENUM_CONVERSION = YES;
				CLANG_WARN_INT_CONVERSION = YES;
				CLANG_WARN_OBJC_ROOT_CLASS = YES_ERROR;
				CLANG_WARN_UNREACHABLE_CODE = YES;
				CLANG_WARN__DUPLICATE_METHOD_MATCH = YES;
				CODE_SIGN_IDENTITY = "-";
				COPY_PHASE_STRIP = NO;
				DEBUG_INFORMATION_FORMAT = dwarf;
				ENABLE_STRICT_OBJC_MSGSEND = YES;
				ENABLE_TESTABILITY = YES;
				GCC_C_LANGUAGE_STANDARD = gnu99;
				GCC_DYNAMIC_NO_PIC = NO;
				GCC_NO_COMMON_BLOCKS = YES;
				GCC_OPTIMIZATION_LEVEL = 0;
				GCC_PREPROCESSOR_DEFINITIONS = (
					"DEBUG=1",
					"$(inherited)",
				);
				GCC_WARN_64_TO_32_BIT_CONVERSION = YES;
				GCC_WARN_ABOUT_RETURN_TYPE = YES_ERROR;
				GCC_WARN_UNDECLARED_SELECTOR = YES;
				GCC_WARN_UNINITIALIZED_AUTOS = YES_AGGRESSIVE;
				GCC_WARN_UNUSED_FUNCTION = YES;
				GCC_WARN_UNUSED_VARIABLE = YES;
				MACOSX_DEPLOYMENT_TARGET = 10.11;
				MTL_ENABLE_DEBUG_INFO = YES;
				ONLY_ACTIVE_ARCH = YES;
				SDKROOT = macosx;
			};
			name = Debug;
		};
		803FAB951CB7F80000E069CF /* Release */ = {
			isa = XCBuildConfiguration;
			buildSettings = {
				ALWAYS_SEARCH_USER_PATHS = NO;
				CLANG_ANALYZER_NONNULL = YES;
				CLANG_CXX_LANGUAGE_STANDARD = "gnu++0x";
				CLANG_CXX_LIBRARY = "libc++";
				CLANG_ENABLE_MODULES = YES;
				CLANG_ENABLE_OBJC_ARC = YES;
				CLANG_WARN_BOOL_CONVERSION = YES;
				CLANG_WARN_CONSTANT_CONVERSION = YES;
				CLANG_WARN_DIRECT_OBJC_ISA_USAGE = YES_ERROR;
				CLANG_WARN_EMPTY_BODY = YES;
				CLANG_WARN_ENUM_CONVERSION = YES;
				CLANG_WARN_INT_CONVERSION = YES;
				CLANG_WARN_OBJC_ROOT_CLASS = YES_ERROR;
				CLANG_WARN_UNREACHABLE_CODE = YES;
				CLANG_WARN__DUPLICATE_METHOD_MATCH = YES;
				CODE_SIGN_IDENTITY = "-";
				COPY_PHASE_STRIP = NO;
				DEBUG_INFORMATION_FORMAT = "dwarf-with-dsym";
				ENABLE_NS_ASSERTIONS = NO;
				ENABLE_STRICT_OBJC_MSGSEND = YES;
				GCC_C_LANGUAGE_STANDARD = gnu99;
				GCC_NO_COMMON_BLOCKS = YES;
				GCC_WARN_64_TO_32_BIT_CONVERSION = YES;
				GCC_WARN_ABOUT_RETURN_TYPE = YES_ERROR;
				GCC_WARN_UNDECLARED_SELECTOR = YES;
				GCC_WARN_UNINITIALIZED_AUTOS = YES_AGGRESSIVE;
				GCC_WARN_UNUSED_FUNCTION = YES;
				GCC_WARN_UNUSED_VARIABLE = YES;
				MACOSX_DEPLOYMENT_TARGET = 10.11;
				MTL_ENABLE_DEBUG_INFO = NO;
				SDKROOT = macosx;
			};
			name = Release;
		};
		803FAB971CB7F80000E069CF /* Debug */ = {
			isa = XCBuildConfiguration;
			buildSettings = {
				PRODUCT_NAME = "$(TARGET_NAME)";
			};
			name = Debug;
		};
		803FAB981CB7F80000E069CF /* Release */ = {
			isa = XCBuildConfiguration;
			buildSettings = {
				PRODUCT_NAME = "$(TARGET_NAME)";
			};
			name = Release;
		};
/* End XCBuildConfiguration section */

/* Begin XCConfigurationList section */
		803FAB8A1CB7F80000E069CF /* Build configuration list for PBXProject "moreOnClasses" */ = {
			isa = XCConfigurationList;
			buildConfigurations = (
				803FAB941CB7F80000E069CF /* Debug */,
				803FAB951CB7F80000E069CF /* Release */,
			);
			defaultConfigurationIsVisible = 0;
			defaultConfigurationName = Release;
		};
		803FAB961CB7F80000E069CF /* Build configuration list for PBXNativeTarget "moreOnClasses" */ = {
			isa = XCConfigurationList;
			buildConfigurations = (
				803FAB971CB7F80000E069CF /* Debug */,
				803FAB981CB7F80000E069CF /* Release */,
			);
			defaultConfigurationIsVisible = 0;
			defaultConfigurationName = Release;
		};
/* End XCConfigurationList section */
	};
	rootObject = 803FAB871CB7F80000E069CF /* Project object */;
}
